// !$*UTF8*$!
{
	archiveVersion = 1;
	classes = {
	};
	objectVersion = 51;
	objects = {

/* Begin PBXBuildFile section */
		09ED9652259387C5C540D50F /* Pods_ColorPicker_General_ColorPicker_GeneralUITests.framework in Frameworks */ = {isa = PBXBuildFile; fileRef = 9A3F019D6AE314CCCB99ABF1 /* Pods_ColorPicker_General_ColorPicker_GeneralUITests.framework */; };
		1BC965509A4710176B197D8C /* Pods_ColorPicker_GeneralTests.framework in Frameworks */ = {isa = PBXBuildFile; fileRef = A1F8A7AC4F6557EE8F8D8D9B /* Pods_ColorPicker_GeneralTests.framework */; };
		F612F14C2375DA96009BA2EC /* AppDelegate.swift in Sources */ = {isa = PBXBuildFile; fileRef = F612F14B2375DA96009BA2EC /* AppDelegate.swift */; };
		F612F14E2375DA96009BA2EC /* SceneDelegate.swift in Sources */ = {isa = PBXBuildFile; fileRef = F612F14D2375DA96009BA2EC /* SceneDelegate.swift */; };
		F612F1512375DA96009BA2EC /* ColorPicker_General.xcdatamodeld in Sources */ = {isa = PBXBuildFile; fileRef = F612F14F2375DA96009BA2EC /* ColorPicker_General.xcdatamodeld */; };
		F612F1532375DA96009BA2EC /* ContentView.swift in Sources */ = {isa = PBXBuildFile; fileRef = F612F1522375DA96009BA2EC /* ContentView.swift */; };
		F612F1552375DA98009BA2EC /* Assets.xcassets in Resources */ = {isa = PBXBuildFile; fileRef = F612F1542375DA98009BA2EC /* Assets.xcassets */; };
		F612F1582375DA98009BA2EC /* Preview Assets.xcassets in Resources */ = {isa = PBXBuildFile; fileRef = F612F1572375DA98009BA2EC /* Preview Assets.xcassets */; };
		F612F15B2375DA98009BA2EC /* LaunchScreen.storyboard in Resources */ = {isa = PBXBuildFile; fileRef = F612F1592375DA98009BA2EC /* LaunchScreen.storyboard */; };
		F612F1662375DA98009BA2EC /* ColorPicker_GeneralTests.swift in Sources */ = {isa = PBXBuildFile; fileRef = F612F1652375DA98009BA2EC /* ColorPicker_GeneralTests.swift */; };
		F612F1712375DA98009BA2EC /* ColorPicker_GeneralUITests.swift in Sources */ = {isa = PBXBuildFile; fileRef = F612F1702375DA98009BA2EC /* ColorPicker_GeneralUITests.swift */; };
		F612F17F2375DEFB009BA2EC /* ColorPicker.swift in Sources */ = {isa = PBXBuildFile; fileRef = F612F17E2375DEFB009BA2EC /* ColorPicker.swift */; };
		F612F1822375E068009BA2EC /* ColorTile.swift in Sources */ = {isa = PBXBuildFile; fileRef = F612F1812375E068009BA2EC /* ColorTile.swift */; };
		F61697B52589C8A900FAFFF8 /* PaletteListTile.swift in Sources */ = {isa = PBXBuildFile; fileRef = F61697B42589C8A900FAFFF8 /* PaletteListTile.swift */; };
		F61697BF2589C99100FAFFF8 /* FeedHeaderTile.swift in Sources */ = {isa = PBXBuildFile; fileRef = F61697BE2589C99100FAFFF8 /* FeedHeaderTile.swift */; };
		F64FAD02238CA0B7006CB02C /* PaintChipsAlert.swift in Sources */ = {isa = PBXBuildFile; fileRef = F64FAD01238CA0B7006CB02C /* PaintChipsAlert.swift */; };
		F653AD84242F1D0100AC1B27 /* PaletteListItem.swift in Sources */ = {isa = PBXBuildFile; fileRef = F653AD83242F1D0100AC1B27 /* PaletteListItem.swift */; };
		F66CB4C1245E5EAE00790595 /* InteractableCurrentPaletteView.swift in Sources */ = {isa = PBXBuildFile; fileRef = F66CB4C0245E5EAE00790595 /* InteractableCurrentPaletteView.swift */; };
		F6A0CC2E25BB654A00D19766 /* HamburgerLineItem.swift in Sources */ = {isa = PBXBuildFile; fileRef = F6A0CC2D25BB654A00D19766 /* HamburgerLineItem.swift */; };
		F6A119752399CBC900DBCE18 /* EditColorView.swift in Sources */ = {isa = PBXBuildFile; fileRef = F6A119742399CBC900DBCE18 /* EditColorView.swift */; };
		F6A119772399CE4500DBCE18 /* ColorSelectionView.swift in Sources */ = {isa = PBXBuildFile; fileRef = F6A119762399CE4500DBCE18 /* ColorSelectionView.swift */; };
		F6A33A8B25BB7BAE0080893C /* HamburgerLineItemStack.swift in Sources */ = {isa = PBXBuildFile; fileRef = F6A33A8A25BB7BAE0080893C /* HamburgerLineItemStack.swift */; };
		F6A5D13223771C7A005D3D56 /* PaletteViewModel.swift in Sources */ = {isa = PBXBuildFile; fileRef = F6A5D13123771C7A005D3D56 /* PaletteViewModel.swift */; };
		F6A79C4D25B688EA00D3120D /* PLHeader.swift in Sources */ = {isa = PBXBuildFile; fileRef = F6A79C4C25B688EA00D3120D /* PLHeader.swift */; };
		F6A79C5925B689AF00D3120D /* GADBannerViewController.swift in Sources */ = {isa = PBXBuildFile; fileRef = F6A79C5825B689AF00D3120D /* GADBannerViewController.swift */; };
		F6A79C6125B689F800D3120D /* GADListItem.swift in Sources */ = {isa = PBXBuildFile; fileRef = F6A79C6025B689F800D3120D /* GADListItem.swift */; };
		F6A79C6625B68B9500D3120D /* TabNavigator.swift in Sources */ = {isa = PBXBuildFile; fileRef = F6A79C6525B68B9500D3120D /* TabNavigator.swift */; };
		F6A79C6C25B6921F00D3120D /* HamburgerMenu.swift in Sources */ = {isa = PBXBuildFile; fileRef = F6A79C6B25B6921F00D3120D /* HamburgerMenu.swift */; };
		F6A977A4256AFEBB00AEB297 /* GoogleService-Info.plist in Resources */ = {isa = PBXBuildFile; fileRef = F6A977A3256AFEBB00AEB297 /* GoogleService-Info.plist */; };
		F6C7855C242FC86B003178F9 /* CurrentPaletteView.swift in Sources */ = {isa = PBXBuildFile; fileRef = F6C7855B242FC86B003178F9 /* CurrentPaletteView.swift */; };
		F6C7855E242FC91E003178F9 /* CurrentPaletteDisplay.swift in Sources */ = {isa = PBXBuildFile; fileRef = F6C7855D242FC91E003178F9 /* CurrentPaletteDisplay.swift */; };
		F6CCD14F258B17090078C08F /* FeedHeader.swift in Sources */ = {isa = PBXBuildFile; fileRef = F6CCD14E258B17090078C08F /* FeedHeader.swift */; };
		F6CE39592561A2A0001458A5 /* Palette.swift in Sources */ = {isa = PBXBuildFile; fileRef = F6CE39582561A2A0001458A5 /* Palette.swift */; };
		F6E22667237C702600EC2D1E /* Helper.swift in Sources */ = {isa = PBXBuildFile; fileRef = F6E22666237C702600EC2D1E /* Helper.swift */; };
		F6E22669237C902F00EC2D1E /* PaletteView.swift in Sources */ = {isa = PBXBuildFile; fileRef = F6E22668237C902F00EC2D1E /* PaletteView.swift */; };
		F6E2266B237C906400EC2D1E /* PaletteList.swift in Sources */ = {isa = PBXBuildFile; fileRef = F6E2266A237C906400EC2D1E /* PaletteList.swift */; };
		F6E2266D237C939500EC2D1E /* PaletteListViewModel.swift in Sources */ = {isa = PBXBuildFile; fileRef = F6E2266C237C939500EC2D1E /* PaletteListViewModel.swift */; };
		F6E2266F237C96E800EC2D1E /* ColorCell.swift in Sources */ = {isa = PBXBuildFile; fileRef = F6E2266E237C96E800EC2D1E /* ColorCell.swift */; };
		F6FB36BC2561EC9C003AF1A7 /* MavenPro-Regular.ttf in Resources */ = {isa = PBXBuildFile; fileRef = F6FB36BB2561EC9C003AF1A7 /* MavenPro-Regular.ttf */; };
		F7D3A5D0228D9DAA5351E514 /* Pods_ColorPicker_General.framework in Frameworks */ = {isa = PBXBuildFile; fileRef = 5A43A8CA4E6726ADC3927A61 /* Pods_ColorPicker_General.framework */; };
/* End PBXBuildFile section */

/* Begin PBXContainerItemProxy section */
		F612F1622375DA98009BA2EC /* PBXContainerItemProxy */ = {
			isa = PBXContainerItemProxy;
			containerPortal = F612F1402375DA96009BA2EC /* Project object */;
			proxyType = 1;
			remoteGlobalIDString = F612F1472375DA96009BA2EC;
			remoteInfo = ColorPicker_General;
		};
		F612F16D2375DA98009BA2EC /* PBXContainerItemProxy */ = {
			isa = PBXContainerItemProxy;
			containerPortal = F612F1402375DA96009BA2EC /* Project object */;
			proxyType = 1;
			remoteGlobalIDString = F612F1472375DA96009BA2EC;
			remoteInfo = ColorPicker_General;
		};
/* End PBXContainerItemProxy section */

/* Begin PBXFileReference section */
		125C731FD0DA6094F72C14D9 /* Pods-ColorPicker_General-ColorPicker_GeneralUITests.debug.xcconfig */ = {isa = PBXFileReference; includeInIndex = 1; lastKnownFileType = text.xcconfig; name = "Pods-ColorPicker_General-ColorPicker_GeneralUITests.debug.xcconfig"; path = "Target Support Files/Pods-ColorPicker_General-ColorPicker_GeneralUITests/Pods-ColorPicker_General-ColorPicker_GeneralUITests.debug.xcconfig"; sourceTree = "<group>"; };
		15ED388577F721F86DAB7FA6 /* Pods-ColorPicker_GeneralTests.debug.xcconfig */ = {isa = PBXFileReference; includeInIndex = 1; lastKnownFileType = text.xcconfig; name = "Pods-ColorPicker_GeneralTests.debug.xcconfig"; path = "Target Support Files/Pods-ColorPicker_GeneralTests/Pods-ColorPicker_GeneralTests.debug.xcconfig"; sourceTree = "<group>"; };
		5A43A8CA4E6726ADC3927A61 /* Pods_ColorPicker_General.framework */ = {isa = PBXFileReference; explicitFileType = wrapper.framework; includeInIndex = 0; path = Pods_ColorPicker_General.framework; sourceTree = BUILT_PRODUCTS_DIR; };
		769B9E7F12308BA624BE5464 /* Pods-ColorPicker_General.release.xcconfig */ = {isa = PBXFileReference; includeInIndex = 1; lastKnownFileType = text.xcconfig; name = "Pods-ColorPicker_General.release.xcconfig"; path = "Target Support Files/Pods-ColorPicker_General/Pods-ColorPicker_General.release.xcconfig"; sourceTree = "<group>"; };
		7D8056C7566C7EBB33FDBA70 /* Pods-ColorPicker_GeneralTests.release.xcconfig */ = {isa = PBXFileReference; includeInIndex = 1; lastKnownFileType = text.xcconfig; name = "Pods-ColorPicker_GeneralTests.release.xcconfig"; path = "Target Support Files/Pods-ColorPicker_GeneralTests/Pods-ColorPicker_GeneralTests.release.xcconfig"; sourceTree = "<group>"; };
		9A3F019D6AE314CCCB99ABF1 /* Pods_ColorPicker_General_ColorPicker_GeneralUITests.framework */ = {isa = PBXFileReference; explicitFileType = wrapper.framework; includeInIndex = 0; path = Pods_ColorPicker_General_ColorPicker_GeneralUITests.framework; sourceTree = BUILT_PRODUCTS_DIR; };
		A1F8A7AC4F6557EE8F8D8D9B /* Pods_ColorPicker_GeneralTests.framework */ = {isa = PBXFileReference; explicitFileType = wrapper.framework; includeInIndex = 0; path = Pods_ColorPicker_GeneralTests.framework; sourceTree = BUILT_PRODUCTS_DIR; };
		C653B0BEE80EA192E36E4274 /* Pods-ColorPicker_General-ColorPicker_GeneralUITests.release.xcconfig */ = {isa = PBXFileReference; includeInIndex = 1; lastKnownFileType = text.xcconfig; name = "Pods-ColorPicker_General-ColorPicker_GeneralUITests.release.xcconfig"; path = "Target Support Files/Pods-ColorPicker_General-ColorPicker_GeneralUITests/Pods-ColorPicker_General-ColorPicker_GeneralUITests.release.xcconfig"; sourceTree = "<group>"; };
		D4C101498D92F5FAD9775B1B /* Pods-ColorPicker_General.debug.xcconfig */ = {isa = PBXFileReference; includeInIndex = 1; lastKnownFileType = text.xcconfig; name = "Pods-ColorPicker_General.debug.xcconfig"; path = "Target Support Files/Pods-ColorPicker_General/Pods-ColorPicker_General.debug.xcconfig"; sourceTree = "<group>"; };
		F612F1482375DA96009BA2EC /* Paint Chips.app */ = {isa = PBXFileReference; explicitFileType = wrapper.application; includeInIndex = 0; path = "Paint Chips.app"; sourceTree = BUILT_PRODUCTS_DIR; };
		F612F14B2375DA96009BA2EC /* AppDelegate.swift */ = {isa = PBXFileReference; lastKnownFileType = sourcecode.swift; path = AppDelegate.swift; sourceTree = "<group>"; };
		F612F14D2375DA96009BA2EC /* SceneDelegate.swift */ = {isa = PBXFileReference; lastKnownFileType = sourcecode.swift; path = SceneDelegate.swift; sourceTree = "<group>"; };
		F612F1502375DA96009BA2EC /* ColorPicker_General.xcdatamodel */ = {isa = PBXFileReference; lastKnownFileType = wrapper.xcdatamodel; path = ColorPicker_General.xcdatamodel; sourceTree = "<group>"; };
		F612F1522375DA96009BA2EC /* ContentView.swift */ = {isa = PBXFileReference; lastKnownFileType = sourcecode.swift; path = ContentView.swift; sourceTree = "<group>"; };
		F612F1542375DA98009BA2EC /* Assets.xcassets */ = {isa = PBXFileReference; lastKnownFileType = folder.assetcatalog; path = Assets.xcassets; sourceTree = "<group>"; };
		F612F1572375DA98009BA2EC /* Preview Assets.xcassets */ = {isa = PBXFileReference; lastKnownFileType = folder.assetcatalog; path = "Preview Assets.xcassets"; sourceTree = "<group>"; };
		F612F15A2375DA98009BA2EC /* Base */ = {isa = PBXFileReference; lastKnownFileType = file.storyboard; name = Base; path = Base.lproj/LaunchScreen.storyboard; sourceTree = "<group>"; };
		F612F15C2375DA98009BA2EC /* Info.plist */ = {isa = PBXFileReference; lastKnownFileType = text.plist.xml; path = Info.plist; sourceTree = "<group>"; };
		F612F1612375DA98009BA2EC /* ColorPicker_GeneralTests.xctest */ = {isa = PBXFileReference; explicitFileType = wrapper.cfbundle; includeInIndex = 0; path = ColorPicker_GeneralTests.xctest; sourceTree = BUILT_PRODUCTS_DIR; };
		F612F1652375DA98009BA2EC /* ColorPicker_GeneralTests.swift */ = {isa = PBXFileReference; lastKnownFileType = sourcecode.swift; path = ColorPicker_GeneralTests.swift; sourceTree = "<group>"; };
		F612F1672375DA98009BA2EC /* Info.plist */ = {isa = PBXFileReference; lastKnownFileType = text.plist.xml; path = Info.plist; sourceTree = "<group>"; };
		F612F16C2375DA98009BA2EC /* ColorPicker_GeneralUITests.xctest */ = {isa = PBXFileReference; explicitFileType = wrapper.cfbundle; includeInIndex = 0; path = ColorPicker_GeneralUITests.xctest; sourceTree = BUILT_PRODUCTS_DIR; };
		F612F1702375DA98009BA2EC /* ColorPicker_GeneralUITests.swift */ = {isa = PBXFileReference; lastKnownFileType = sourcecode.swift; path = ColorPicker_GeneralUITests.swift; sourceTree = "<group>"; };
		F612F1722375DA98009BA2EC /* Info.plist */ = {isa = PBXFileReference; lastKnownFileType = text.plist.xml; path = Info.plist; sourceTree = "<group>"; };
		F612F17E2375DEFB009BA2EC /* ColorPicker.swift */ = {isa = PBXFileReference; lastKnownFileType = sourcecode.swift; path = ColorPicker.swift; sourceTree = "<group>"; };
		F612F1812375E068009BA2EC /* ColorTile.swift */ = {isa = PBXFileReference; lastKnownFileType = sourcecode.swift; path = ColorTile.swift; sourceTree = "<group>"; };
		F61697B42589C8A900FAFFF8 /* PaletteListTile.swift */ = {isa = PBXFileReference; lastKnownFileType = sourcecode.swift; path = PaletteListTile.swift; sourceTree = "<group>"; };
		F61697BE2589C99100FAFFF8 /* FeedHeaderTile.swift */ = {isa = PBXFileReference; lastKnownFileType = sourcecode.swift; path = FeedHeaderTile.swift; sourceTree = "<group>"; };
		F64FAD01238CA0B7006CB02C /* PaintChipsAlert.swift */ = {isa = PBXFileReference; lastKnownFileType = sourcecode.swift; path = PaintChipsAlert.swift; sourceTree = "<group>"; };
		F653AD83242F1D0100AC1B27 /* PaletteListItem.swift */ = {isa = PBXFileReference; lastKnownFileType = sourcecode.swift; path = PaletteListItem.swift; sourceTree = "<group>"; };
		F66CB4C0245E5EAE00790595 /* InteractableCurrentPaletteView.swift */ = {isa = PBXFileReference; lastKnownFileType = sourcecode.swift; path = InteractableCurrentPaletteView.swift; sourceTree = "<group>"; };
		F6A0CC2D25BB654A00D19766 /* HamburgerLineItem.swift */ = {isa = PBXFileReference; lastKnownFileType = sourcecode.swift; path = HamburgerLineItem.swift; sourceTree = "<group>"; };
		F6A119742399CBC900DBCE18 /* EditColorView.swift */ = {isa = PBXFileReference; lastKnownFileType = sourcecode.swift; path = EditColorView.swift; sourceTree = "<group>"; };
		F6A119762399CE4500DBCE18 /* ColorSelectionView.swift */ = {isa = PBXFileReference; lastKnownFileType = sourcecode.swift; path = ColorSelectionView.swift; sourceTree = "<group>"; };
		F6A33A8A25BB7BAE0080893C /* HamburgerLineItemStack.swift */ = {isa = PBXFileReference; lastKnownFileType = sourcecode.swift; path = HamburgerLineItemStack.swift; sourceTree = "<group>"; };
		F6A5D13123771C7A005D3D56 /* PaletteViewModel.swift */ = {isa = PBXFileReference; lastKnownFileType = sourcecode.swift; path = PaletteViewModel.swift; sourceTree = "<group>"; };
		F6A79C4C25B688EA00D3120D /* PLHeader.swift */ = {isa = PBXFileReference; lastKnownFileType = sourcecode.swift; path = PLHeader.swift; sourceTree = "<group>"; };
		F6A79C5825B689AF00D3120D /* GADBannerViewController.swift */ = {isa = PBXFileReference; lastKnownFileType = sourcecode.swift; path = GADBannerViewController.swift; sourceTree = "<group>"; };
		F6A79C6025B689F800D3120D /* GADListItem.swift */ = {isa = PBXFileReference; lastKnownFileType = sourcecode.swift; path = GADListItem.swift; sourceTree = "<group>"; };
		F6A79C6525B68B9500D3120D /* TabNavigator.swift */ = {isa = PBXFileReference; lastKnownFileType = sourcecode.swift; path = TabNavigator.swift; sourceTree = "<group>"; };
		F6A79C6B25B6921F00D3120D /* HamburgerMenu.swift */ = {isa = PBXFileReference; lastKnownFileType = sourcecode.swift; path = HamburgerMenu.swift; sourceTree = "<group>"; };
		F6A977A3256AFEBB00AEB297 /* GoogleService-Info.plist */ = {isa = PBXFileReference; lastKnownFileType = text.plist; path = "GoogleService-Info.plist"; sourceTree = SOURCE_ROOT; };
		F6C7855B242FC86B003178F9 /* CurrentPaletteView.swift */ = {isa = PBXFileReference; lastKnownFileType = sourcecode.swift; path = CurrentPaletteView.swift; sourceTree = "<group>"; };
		F6C7855D242FC91E003178F9 /* CurrentPaletteDisplay.swift */ = {isa = PBXFileReference; lastKnownFileType = sourcecode.swift; path = CurrentPaletteDisplay.swift; sourceTree = "<group>"; };
		F6CCD14E258B17090078C08F /* FeedHeader.swift */ = {isa = PBXFileReference; lastKnownFileType = sourcecode.swift; path = FeedHeader.swift; sourceTree = "<group>"; };
		F6CE39582561A2A0001458A5 /* Palette.swift */ = {isa = PBXFileReference; lastKnownFileType = sourcecode.swift; path = Palette.swift; sourceTree = "<group>"; };
		F6E22666237C702600EC2D1E /* Helper.swift */ = {isa = PBXFileReference; lastKnownFileType = sourcecode.swift; path = Helper.swift; sourceTree = "<group>"; };
		F6E22668237C902F00EC2D1E /* PaletteView.swift */ = {isa = PBXFileReference; lastKnownFileType = sourcecode.swift; path = PaletteView.swift; sourceTree = "<group>"; };
		F6E2266A237C906400EC2D1E /* PaletteList.swift */ = {isa = PBXFileReference; lastKnownFileType = sourcecode.swift; path = PaletteList.swift; sourceTree = "<group>"; };
		F6E2266C237C939500EC2D1E /* PaletteListViewModel.swift */ = {isa = PBXFileReference; lastKnownFileType = sourcecode.swift; path = PaletteListViewModel.swift; sourceTree = "<group>"; };
		F6E2266E237C96E800EC2D1E /* ColorCell.swift */ = {isa = PBXFileReference; lastKnownFileType = sourcecode.swift; path = ColorCell.swift; sourceTree = "<group>"; };
		F6FB36BB2561EC9C003AF1A7 /* MavenPro-Regular.ttf */ = {isa = PBXFileReference; lastKnownFileType = file; path = "MavenPro-Regular.ttf"; sourceTree = SOURCE_ROOT; };
/* End PBXFileReference section */

/* Begin PBXFrameworksBuildPhase section */
		F612F1452375DA96009BA2EC /* Frameworks */ = {
			isa = PBXFrameworksBuildPhase;
			buildActionMask = 2147483647;
			files = (
				F7D3A5D0228D9DAA5351E514 /* Pods_ColorPicker_General.framework in Frameworks */,
			);
			runOnlyForDeploymentPostprocessing = 0;
		};
		F612F15E2375DA98009BA2EC /* Frameworks */ = {
			isa = PBXFrameworksBuildPhase;
			buildActionMask = 2147483647;
			files = (
				1BC965509A4710176B197D8C /* Pods_ColorPicker_GeneralTests.framework in Frameworks */,
			);
			runOnlyForDeploymentPostprocessing = 0;
		};
		F612F1692375DA98009BA2EC /* Frameworks */ = {
			isa = PBXFrameworksBuildPhase;
			buildActionMask = 2147483647;
			files = (
				09ED9652259387C5C540D50F /* Pods_ColorPicker_General_ColorPicker_GeneralUITests.framework in Frameworks */,
			);
			runOnlyForDeploymentPostprocessing = 0;
		};
/* End PBXFrameworksBuildPhase section */

/* Begin PBXGroup section */
		32AD30C349AE3C3E5262865F /* Pods */ = {
			isa = PBXGroup;
			children = (
				D4C101498D92F5FAD9775B1B /* Pods-ColorPicker_General.debug.xcconfig */,
				769B9E7F12308BA624BE5464 /* Pods-ColorPicker_General.release.xcconfig */,
				125C731FD0DA6094F72C14D9 /* Pods-ColorPicker_General-ColorPicker_GeneralUITests.debug.xcconfig */,
				C653B0BEE80EA192E36E4274 /* Pods-ColorPicker_General-ColorPicker_GeneralUITests.release.xcconfig */,
				15ED388577F721F86DAB7FA6 /* Pods-ColorPicker_GeneralTests.debug.xcconfig */,
				7D8056C7566C7EBB33FDBA70 /* Pods-ColorPicker_GeneralTests.release.xcconfig */,
			);
			path = Pods;
			sourceTree = "<group>";
		};
		EE6413F37502497AD6B58845 /* Frameworks */ = {
			isa = PBXGroup;
			children = (
				5A43A8CA4E6726ADC3927A61 /* Pods_ColorPicker_General.framework */,
				9A3F019D6AE314CCCB99ABF1 /* Pods_ColorPicker_General_ColorPicker_GeneralUITests.framework */,
				A1F8A7AC4F6557EE8F8D8D9B /* Pods_ColorPicker_GeneralTests.framework */,
			);
			name = Frameworks;
			sourceTree = "<group>";
		};
		F612F13F2375DA96009BA2EC = {
			isa = PBXGroup;
			children = (
				F612F14A2375DA96009BA2EC /* ColorPicker_General */,
				F612F1642375DA98009BA2EC /* ColorPicker_GeneralTests */,
				F612F16F2375DA98009BA2EC /* ColorPicker_GeneralUITests */,
				F612F1492375DA96009BA2EC /* Products */,
				32AD30C349AE3C3E5262865F /* Pods */,
				EE6413F37502497AD6B58845 /* Frameworks */,
			);
			sourceTree = "<group>";
		};
		F612F1492375DA96009BA2EC /* Products */ = {
			isa = PBXGroup;
			children = (
				F612F1482375DA96009BA2EC /* Paint Chips.app */,
				F612F1612375DA98009BA2EC /* ColorPicker_GeneralTests.xctest */,
				F612F16C2375DA98009BA2EC /* ColorPicker_GeneralUITests.xctest */,
			);
			name = Products;
			sourceTree = "<group>";
		};
		F612F14A2375DA96009BA2EC /* ColorPicker_General */ = {
			isa = PBXGroup;
			children = (
				F612F1802375E05A009BA2EC /* Views */,
				F6A5D12B237716F6005D3D56 /* ViewModels */,
				F6A5D12E237718D8005D3D56 /* Models */,
				F6E22665237C701000EC2D1E /* Helpers */,
				F612F14B2375DA96009BA2EC /* AppDelegate.swift */,
				F612F14D2375DA96009BA2EC /* SceneDelegate.swift */,
				F612F1522375DA96009BA2EC /* ContentView.swift */,
				F6A977A3256AFEBB00AEB297 /* GoogleService-Info.plist */,
				F6FB36BB2561EC9C003AF1A7 /* MavenPro-Regular.ttf */,
				F612F1542375DA98009BA2EC /* Assets.xcassets */,
				F612F1592375DA98009BA2EC /* LaunchScreen.storyboard */,
				F612F15C2375DA98009BA2EC /* Info.plist */,
				F612F14F2375DA96009BA2EC /* ColorPicker_General.xcdatamodeld */,
				F612F1562375DA98009BA2EC /* Preview Content */,
			);
			path = ColorPicker_General;
			sourceTree = "<group>";
		};
		F612F1562375DA98009BA2EC /* Preview Content */ = {
			isa = PBXGroup;
			children = (
				F612F1572375DA98009BA2EC /* Preview Assets.xcassets */,
			);
			path = "Preview Content";
			sourceTree = "<group>";
		};
		F612F1642375DA98009BA2EC /* ColorPicker_GeneralTests */ = {
			isa = PBXGroup;
			children = (
				F612F1652375DA98009BA2EC /* ColorPicker_GeneralTests.swift */,
				F612F1672375DA98009BA2EC /* Info.plist */,
			);
			path = ColorPicker_GeneralTests;
			sourceTree = "<group>";
		};
		F612F16F2375DA98009BA2EC /* ColorPicker_GeneralUITests */ = {
			isa = PBXGroup;
			children = (
				F612F1702375DA98009BA2EC /* ColorPicker_GeneralUITests.swift */,
				F612F1722375DA98009BA2EC /* Info.plist */,
			);
			path = ColorPicker_GeneralUITests;
			sourceTree = "<group>";
		};
		F612F1802375E05A009BA2EC /* Views */ = {
			isa = PBXGroup;
			children = (
				F6E2266A237C906400EC2D1E /* PaletteList.swift */,
				F6869A4B2457444B00955FC6 /* Tabs */,
				F6E22672237CD15900EC2D1E /* Components */,
			);
			path = Views;
			sourceTree = "<group>";
		};
		F61697A42589B37600FAFFF8 /* Alerts */ = {
			isa = PBXGroup;
			children = (
				F64FAD01238CA0B7006CB02C /* PaintChipsAlert.swift */,
			);
			path = Alerts;
			sourceTree = "<group>";
		};
		F61697A52589B38800FAFFF8 /* Color Detail Display */ = {
			isa = PBXGroup;
			children = (
				F66CB4C0245E5EAE00790595 /* InteractableCurrentPaletteView.swift */,
				F6C7855D242FC91E003178F9 /* CurrentPaletteDisplay.swift */,
				F6C7855B242FC86B003178F9 /* CurrentPaletteView.swift */,
			);
			path = "Color Detail Display";
			sourceTree = "<group>";
		};
		F61697A62589B3A100FAFFF8 /* Tiles */ = {
			isa = PBXGroup;
			children = (
				F612F1812375E068009BA2EC /* ColorTile.swift */,
				F61697B42589C8A900FAFFF8 /* PaletteListTile.swift */,
			);
			path = Tiles;
			sourceTree = "<group>";
		};
		F61697B32589B4D400FAFFF8 /* Create A color */ = {
			isa = PBXGroup;
			children = (
				F6A119762399CE4500DBCE18 /* ColorSelectionView.swift */,
				F6A119742399CBC900DBCE18 /* EditColorView.swift */,
			);
			path = "Create A color";
			sourceTree = "<group>";
		};
		F6869A4B2457444B00955FC6 /* Tabs */ = {
			isa = PBXGroup;
			children = (
				F6E22668237C902F00EC2D1E /* PaletteView.swift */,
				F612F17E2375DEFB009BA2EC /* ColorPicker.swift */,
			);
			path = Tabs;
			sourceTree = "<group>";
		};
		F6A5D12B237716F6005D3D56 /* ViewModels */ = {
			isa = PBXGroup;
			children = (
				F6A5D13123771C7A005D3D56 /* PaletteViewModel.swift */,
				F6E2266C237C939500EC2D1E /* PaletteListViewModel.swift */,
			);
			path = ViewModels;
			sourceTree = "<group>";
		};
		F6A5D12E237718D8005D3D56 /* Models */ = {
			isa = PBXGroup;
			children = (
				F6E2266E237C96E800EC2D1E /* ColorCell.swift */,
				F6CE39582561A2A0001458A5 /* Palette.swift */,
			);
			path = Models;
			sourceTree = "<group>";
		};
		F6A79C4925B6888D00D3120D /* Palette List */ = {
			isa = PBXGroup;
			children = (
				F6A79C4C25B688EA00D3120D /* PLHeader.swift */,
				F653AD83242F1D0100AC1B27 /* PaletteListItem.swift */,
				F6A79C4A25B688B200D3120D /* Feed Header */,
			);
			path = "Palette List";
			sourceTree = "<group>";
		};
		F6A79C4A25B688B200D3120D /* Feed Header */ = {
			isa = PBXGroup;
			children = (
				F61697BE2589C99100FAFFF8 /* FeedHeaderTile.swift */,
				F6CCD14E258B17090078C08F /* FeedHeader.swift */,
			);
			path = "Feed Header";
			sourceTree = "<group>";
		};
		F6A79C5725B6898A00D3120D /* Ads */ = {
			isa = PBXGroup;
			children = (
				F6A79C5825B689AF00D3120D /* GADBannerViewController.swift */,
				F6A79C6025B689F800D3120D /* GADListItem.swift */,
			);
			path = Ads;
			sourceTree = "<group>";
		};
		F6A79C6A25B6920100D3120D /* Hamburger */ = {
			isa = PBXGroup;
			children = (
				F6A79C6B25B6921F00D3120D /* HamburgerMenu.swift */,
				F6A0CC2D25BB654A00D19766 /* HamburgerLineItem.swift */,
				F6A33A8A25BB7BAE0080893C /* HamburgerLineItemStack.swift */,
			);
			path = Hamburger;
			sourceTree = "<group>";
		};
		F6E22665237C701000EC2D1E /* Helpers */ = {
			isa = PBXGroup;
			children = (
				F6E22666237C702600EC2D1E /* Helper.swift */,
			);
			path = Helpers;
			sourceTree = "<group>";
		};
		F6E22672237CD15900EC2D1E /* Components */ = {
			isa = PBXGroup;
			children = (
				F6A79C4925B6888D00D3120D /* Palette List */,
				F6A79C6A25B6920100D3120D /* Hamburger */,
				F6A79C5725B6898A00D3120D /* Ads */,
				F61697B32589B4D400FAFFF8 /* Create A color */,
				F61697A62589B3A100FAFFF8 /* Tiles */,
				F61697A52589B38800FAFFF8 /* Color Detail Display */,
				F61697A42589B37600FAFFF8 /* Alerts */,
				F6A79C6525B68B9500D3120D /* TabNavigator.swift */,
			);
			path = Components;
			sourceTree = "<group>";
		};
/* End PBXGroup section */

/* Begin PBXNativeTarget section */
		F612F1472375DA96009BA2EC /* ColorPicker_General */ = {
			isa = PBXNativeTarget;
			buildConfigurationList = F612F1752375DA98009BA2EC /* Build configuration list for PBXNativeTarget "ColorPicker_General" */;
			buildPhases = (
				5AAA4C39ED02171299FD5CF2 /* [CP] Check Pods Manifest.lock */,
				F612F1442375DA96009BA2EC /* Sources */,
				F612F1452375DA96009BA2EC /* Frameworks */,
				F612F1462375DA96009BA2EC /* Resources */,
				F6869A4D2457534900955FC6 /* ShellScript */,
				E8176A196769D15D21F7F84E /* [CP] Embed Pods Frameworks */,
			);
			buildRules = (
			);
			dependencies = (
			);
			name = ColorPicker_General;
			productName = ColorPicker_General;
			productReference = F612F1482375DA96009BA2EC /* Paint Chips.app */;
			productType = "com.apple.product-type.application";
		};
		F612F1602375DA98009BA2EC /* ColorPicker_GeneralTests */ = {
			isa = PBXNativeTarget;
			buildConfigurationList = F612F1782375DA98009BA2EC /* Build configuration list for PBXNativeTarget "ColorPicker_GeneralTests" */;
			buildPhases = (
				CB0139339EA16AA30939FAC9 /* [CP] Check Pods Manifest.lock */,
				F612F15D2375DA98009BA2EC /* Sources */,
				F612F15E2375DA98009BA2EC /* Frameworks */,
				F612F15F2375DA98009BA2EC /* Resources */,
			);
			buildRules = (
			);
			dependencies = (
				F612F1632375DA98009BA2EC /* PBXTargetDependency */,
			);
			name = ColorPicker_GeneralTests;
			productName = ColorPicker_GeneralTests;
			productReference = F612F1612375DA98009BA2EC /* ColorPicker_GeneralTests.xctest */;
			productType = "com.apple.product-type.bundle.unit-test";
		};
		F612F16B2375DA98009BA2EC /* ColorPicker_GeneralUITests */ = {
			isa = PBXNativeTarget;
			buildConfigurationList = F612F17B2375DA98009BA2EC /* Build configuration list for PBXNativeTarget "ColorPicker_GeneralUITests" */;
			buildPhases = (
				8FCBC0DB9771B2AFAE2D118E /* [CP] Check Pods Manifest.lock */,
				F612F1682375DA98009BA2EC /* Sources */,
				F612F1692375DA98009BA2EC /* Frameworks */,
				F612F16A2375DA98009BA2EC /* Resources */,
				0491088D5022DC3D564C9FE9 /* [CP] Embed Pods Frameworks */,
			);
			buildRules = (
			);
			dependencies = (
				F612F16E2375DA98009BA2EC /* PBXTargetDependency */,
			);
			name = ColorPicker_GeneralUITests;
			productName = ColorPicker_GeneralUITests;
			productReference = F612F16C2375DA98009BA2EC /* ColorPicker_GeneralUITests.xctest */;
			productType = "com.apple.product-type.bundle.ui-testing";
		};
/* End PBXNativeTarget section */

/* Begin PBXProject section */
		F612F1402375DA96009BA2EC /* Project object */ = {
			isa = PBXProject;
			attributes = {
				LastSwiftUpdateCheck = 1110;
				LastUpgradeCheck = 1110;
				ORGANIZATIONNAME = "Max Gillespie";
				TargetAttributes = {
					F612F1472375DA96009BA2EC = {
						CreatedOnToolsVersion = 11.1;
					};
					F612F1602375DA98009BA2EC = {
						CreatedOnToolsVersion = 11.1;
						TestTargetID = F612F1472375DA96009BA2EC;
					};
					F612F16B2375DA98009BA2EC = {
						CreatedOnToolsVersion = 11.1;
						TestTargetID = F612F1472375DA96009BA2EC;
					};
				};
			};
			buildConfigurationList = F612F1432375DA96009BA2EC /* Build configuration list for PBXProject "ColorPicker_General" */;
			compatibilityVersion = "Xcode 9.3";
			developmentRegion = en;
			hasScannedForEncodings = 0;
			knownRegions = (
				en,
				Base,
			);
			mainGroup = F612F13F2375DA96009BA2EC;
			productRefGroup = F612F1492375DA96009BA2EC /* Products */;
			projectDirPath = "";
			projectRoot = "";
			targets = (
				F612F1472375DA96009BA2EC /* ColorPicker_General */,
				F612F1602375DA98009BA2EC /* ColorPicker_GeneralTests */,
				F612F16B2375DA98009BA2EC /* ColorPicker_GeneralUITests */,
			);
		};
/* End PBXProject section */

/* Begin PBXResourcesBuildPhase section */
		F612F1462375DA96009BA2EC /* Resources */ = {
			isa = PBXResourcesBuildPhase;
			buildActionMask = 2147483647;
			files = (
				F612F15B2375DA98009BA2EC /* LaunchScreen.storyboard in Resources */,
				F6FB36BC2561EC9C003AF1A7 /* MavenPro-Regular.ttf in Resources */,
				F6A977A4256AFEBB00AEB297 /* GoogleService-Info.plist in Resources */,
				F612F1582375DA98009BA2EC /* Preview Assets.xcassets in Resources */,
				F612F1552375DA98009BA2EC /* Assets.xcassets in Resources */,
			);
			runOnlyForDeploymentPostprocessing = 0;
		};
		F612F15F2375DA98009BA2EC /* Resources */ = {
			isa = PBXResourcesBuildPhase;
			buildActionMask = 2147483647;
			files = (
			);
			runOnlyForDeploymentPostprocessing = 0;
		};
		F612F16A2375DA98009BA2EC /* Resources */ = {
			isa = PBXResourcesBuildPhase;
			buildActionMask = 2147483647;
			files = (
			);
			runOnlyForDeploymentPostprocessing = 0;
		};
/* End PBXResourcesBuildPhase section */

/* Begin PBXShellScriptBuildPhase section */
		0491088D5022DC3D564C9FE9 /* [CP] Embed Pods Frameworks */ = {
			isa = PBXShellScriptBuildPhase;
			buildActionMask = 2147483647;
			files = (
			);
			inputFileListPaths = (
				"${PODS_ROOT}/Target Support Files/Pods-ColorPicker_General-ColorPicker_GeneralUITests/Pods-ColorPicker_General-ColorPicker_GeneralUITests-frameworks-${CONFIGURATION}-input-files.xcfilelist",
			);
			name = "[CP] Embed Pods Frameworks";
			outputFileListPaths = (
				"${PODS_ROOT}/Target Support Files/Pods-ColorPicker_General-ColorPicker_GeneralUITests/Pods-ColorPicker_General-ColorPicker_GeneralUITests-frameworks-${CONFIGURATION}-output-files.xcfilelist",
			);
			runOnlyForDeploymentPostprocessing = 0;
			shellPath = /bin/sh;
			shellScript = "\"${PODS_ROOT}/Target Support Files/Pods-ColorPicker_General-ColorPicker_GeneralUITests/Pods-ColorPicker_General-ColorPicker_GeneralUITests-frameworks.sh\"\n";
			showEnvVarsInLog = 0;
		};
		5AAA4C39ED02171299FD5CF2 /* [CP] Check Pods Manifest.lock */ = {
			isa = PBXShellScriptBuildPhase;
			buildActionMask = 2147483647;
			files = (
			);
			inputFileListPaths = (
			);
			inputPaths = (
				"${PODS_PODFILE_DIR_PATH}/Podfile.lock",
				"${PODS_ROOT}/Manifest.lock",
			);
			name = "[CP] Check Pods Manifest.lock";
			outputFileListPaths = (
			);
			outputPaths = (
				"$(DERIVED_FILE_DIR)/Pods-ColorPicker_General-checkManifestLockResult.txt",
			);
			runOnlyForDeploymentPostprocessing = 0;
			shellPath = /bin/sh;
			shellScript = "diff \"${PODS_PODFILE_DIR_PATH}/Podfile.lock\" \"${PODS_ROOT}/Manifest.lock\" > /dev/null\nif [ $? != 0 ] ; then\n    # print error to STDERR\n    echo \"error: The sandbox is not in sync with the Podfile.lock. Run 'pod install' or update your CocoaPods installation.\" >&2\n    exit 1\nfi\n# This output is used by Xcode 'outputs' to avoid re-running this script phase.\necho \"SUCCESS\" > \"${SCRIPT_OUTPUT_FILE_0}\"\n";
			showEnvVarsInLog = 0;
		};
		8FCBC0DB9771B2AFAE2D118E /* [CP] Check Pods Manifest.lock */ = {
			isa = PBXShellScriptBuildPhase;
			buildActionMask = 2147483647;
			files = (
			);
			inputFileListPaths = (
			);
			inputPaths = (
				"${PODS_PODFILE_DIR_PATH}/Podfile.lock",
				"${PODS_ROOT}/Manifest.lock",
			);
			name = "[CP] Check Pods Manifest.lock";
			outputFileListPaths = (
			);
			outputPaths = (
				"$(DERIVED_FILE_DIR)/Pods-ColorPicker_General-ColorPicker_GeneralUITests-checkManifestLockResult.txt",
			);
			runOnlyForDeploymentPostprocessing = 0;
			shellPath = /bin/sh;
			shellScript = "diff \"${PODS_PODFILE_DIR_PATH}/Podfile.lock\" \"${PODS_ROOT}/Manifest.lock\" > /dev/null\nif [ $? != 0 ] ; then\n    # print error to STDERR\n    echo \"error: The sandbox is not in sync with the Podfile.lock. Run 'pod install' or update your CocoaPods installation.\" >&2\n    exit 1\nfi\n# This output is used by Xcode 'outputs' to avoid re-running this script phase.\necho \"SUCCESS\" > \"${SCRIPT_OUTPUT_FILE_0}\"\n";
			showEnvVarsInLog = 0;
		};
		CB0139339EA16AA30939FAC9 /* [CP] Check Pods Manifest.lock */ = {
			isa = PBXShellScriptBuildPhase;
			buildActionMask = 2147483647;
			files = (
			);
			inputFileListPaths = (
			);
			inputPaths = (
				"${PODS_PODFILE_DIR_PATH}/Podfile.lock",
				"${PODS_ROOT}/Manifest.lock",
			);
			name = "[CP] Check Pods Manifest.lock";
			outputFileListPaths = (
			);
			outputPaths = (
				"$(DERIVED_FILE_DIR)/Pods-ColorPicker_GeneralTests-checkManifestLockResult.txt",
			);
			runOnlyForDeploymentPostprocessing = 0;
			shellPath = /bin/sh;
			shellScript = "diff \"${PODS_PODFILE_DIR_PATH}/Podfile.lock\" \"${PODS_ROOT}/Manifest.lock\" > /dev/null\nif [ $? != 0 ] ; then\n    # print error to STDERR\n    echo \"error: The sandbox is not in sync with the Podfile.lock. Run 'pod install' or update your CocoaPods installation.\" >&2\n    exit 1\nfi\n# This output is used by Xcode 'outputs' to avoid re-running this script phase.\necho \"SUCCESS\" > \"${SCRIPT_OUTPUT_FILE_0}\"\n";
			showEnvVarsInLog = 0;
		};
		E8176A196769D15D21F7F84E /* [CP] Embed Pods Frameworks */ = {
			isa = PBXShellScriptBuildPhase;
			buildActionMask = 2147483647;
			files = (
			);
			inputFileListPaths = (
				"${PODS_ROOT}/Target Support Files/Pods-ColorPicker_General/Pods-ColorPicker_General-frameworks-${CONFIGURATION}-input-files.xcfilelist",
			);
			name = "[CP] Embed Pods Frameworks";
			outputFileListPaths = (
				"${PODS_ROOT}/Target Support Files/Pods-ColorPicker_General/Pods-ColorPicker_General-frameworks-${CONFIGURATION}-output-files.xcfilelist",
			);
			runOnlyForDeploymentPostprocessing = 0;
			shellPath = /bin/sh;
			shellScript = "\"${PODS_ROOT}/Target Support Files/Pods-ColorPicker_General/Pods-ColorPicker_General-frameworks.sh\"\n";
			showEnvVarsInLog = 0;
		};
		F6869A4D2457534900955FC6 /* ShellScript */ = {
			isa = PBXShellScriptBuildPhase;
			buildActionMask = 12;
			files = (
			);
			inputFileListPaths = (
			);
			inputPaths = (
			);
			outputFileListPaths = (
			);
			outputPaths = (
			);
			runOnlyForDeploymentPostprocessing = 0;
			shellPath = /bin/sh;
			shellScript = "# ${PODS_ROOT}/FirebaseCrashlytics/run\n";
		};
/* End PBXShellScriptBuildPhase section */

/* Begin PBXSourcesBuildPhase section */
		F612F1442375DA96009BA2EC /* Sources */ = {
			isa = PBXSourcesBuildPhase;
			buildActionMask = 2147483647;
			files = (
				F6C7855E242FC91E003178F9 /* CurrentPaletteDisplay.swift in Sources */,
				F6A33A8B25BB7BAE0080893C /* HamburgerLineItemStack.swift in Sources */,
				F6CE39592561A2A0001458A5 /* Palette.swift in Sources */,
				F6CCD14F258B17090078C08F /* FeedHeader.swift in Sources */,
				F6E2266D237C939500EC2D1E /* PaletteListViewModel.swift in Sources */,
				F6A5D13223771C7A005D3D56 /* PaletteViewModel.swift in Sources */,
				F6A79C5925B689AF00D3120D /* GADBannerViewController.swift in Sources */,
				F6A119752399CBC900DBCE18 /* EditColorView.swift in Sources */,
				F6A79C6125B689F800D3120D /* GADListItem.swift in Sources */,
				F6A119772399CE4500DBCE18 /* ColorSelectionView.swift in Sources */,
				F612F14C2375DA96009BA2EC /* AppDelegate.swift in Sources */,
				F64FAD02238CA0B7006CB02C /* PaintChipsAlert.swift in Sources */,
				F612F14E2375DA96009BA2EC /* SceneDelegate.swift in Sources */,
				F61697BF2589C99100FAFFF8 /* FeedHeaderTile.swift in Sources */,
				F6E22667237C702600EC2D1E /* Helper.swift in Sources */,
				F612F17F2375DEFB009BA2EC /* ColorPicker.swift in Sources */,
				F612F1822375E068009BA2EC /* ColorTile.swift in Sources */,
				F6A79C6C25B6921F00D3120D /* HamburgerMenu.swift in Sources */,
				F6A0CC2E25BB654A00D19766 /* HamburgerLineItem.swift in Sources */,
				F612F1532375DA96009BA2EC /* ContentView.swift in Sources */,
				F61697B52589C8A900FAFFF8 /* PaletteListTile.swift in Sources */,
				F66CB4C1245E5EAE00790595 /* InteractableCurrentPaletteView.swift in Sources */,
				F653AD84242F1D0100AC1B27 /* PaletteListItem.swift in Sources */,
				F6E22669237C902F00EC2D1E /* PaletteView.swift in Sources */,
				F6E2266B237C906400EC2D1E /* PaletteList.swift in Sources */,
				F6E2266F237C96E800EC2D1E /* ColorCell.swift in Sources */,
				F6C7855C242FC86B003178F9 /* CurrentPaletteView.swift in Sources */,
				F6A79C4D25B688EA00D3120D /* PLHeader.swift in Sources */,
				F6A79C6625B68B9500D3120D /* TabNavigator.swift in Sources */,
				F612F1512375DA96009BA2EC /* ColorPicker_General.xcdatamodeld in Sources */,
			);
			runOnlyForDeploymentPostprocessing = 0;
		};
		F612F15D2375DA98009BA2EC /* Sources */ = {
			isa = PBXSourcesBuildPhase;
			buildActionMask = 2147483647;
			files = (
				F612F1662375DA98009BA2EC /* ColorPicker_GeneralTests.swift in Sources */,
			);
			runOnlyForDeploymentPostprocessing = 0;
		};
		F612F1682375DA98009BA2EC /* Sources */ = {
			isa = PBXSourcesBuildPhase;
			buildActionMask = 2147483647;
			files = (
				F612F1712375DA98009BA2EC /* ColorPicker_GeneralUITests.swift in Sources */,
			);
			runOnlyForDeploymentPostprocessing = 0;
		};
/* End PBXSourcesBuildPhase section */

/* Begin PBXTargetDependency section */
		F612F1632375DA98009BA2EC /* PBXTargetDependency */ = {
			isa = PBXTargetDependency;
			target = F612F1472375DA96009BA2EC /* ColorPicker_General */;
			targetProxy = F612F1622375DA98009BA2EC /* PBXContainerItemProxy */;
		};
		F612F16E2375DA98009BA2EC /* PBXTargetDependency */ = {
			isa = PBXTargetDependency;
			target = F612F1472375DA96009BA2EC /* ColorPicker_General */;
			targetProxy = F612F16D2375DA98009BA2EC /* PBXContainerItemProxy */;
		};
/* End PBXTargetDependency section */

/* Begin PBXVariantGroup section */
		F612F1592375DA98009BA2EC /* LaunchScreen.storyboard */ = {
			isa = PBXVariantGroup;
			children = (
				F612F15A2375DA98009BA2EC /* Base */,
			);
			name = LaunchScreen.storyboard;
			sourceTree = "<group>";
		};
/* End PBXVariantGroup section */

/* Begin XCBuildConfiguration section */
		F612F1732375DA98009BA2EC /* Debug */ = {
			isa = XCBuildConfiguration;
			buildSettings = {
				ALWAYS_SEARCH_USER_PATHS = NO;
				CLANG_ANALYZER_NONNULL = YES;
				CLANG_ANALYZER_NUMBER_OBJECT_CONVERSION = YES_AGGRESSIVE;
				CLANG_CXX_LANGUAGE_STANDARD = "gnu++14";
				CLANG_CXX_LIBRARY = "libc++";
				CLANG_ENABLE_MODULES = YES;
				CLANG_ENABLE_OBJC_ARC = YES;
				CLANG_ENABLE_OBJC_WEAK = YES;
				CLANG_WARN_BLOCK_CAPTURE_AUTORELEASING = YES;
				CLANG_WARN_BOOL_CONVERSION = YES;
				CLANG_WARN_COMMA = YES;
				CLANG_WARN_CONSTANT_CONVERSION = YES;
				CLANG_WARN_DEPRECATED_OBJC_IMPLEMENTATIONS = YES;
				CLANG_WARN_DIRECT_OBJC_ISA_USAGE = YES_ERROR;
				CLANG_WARN_DOCUMENTATION_COMMENTS = YES;
				CLANG_WARN_EMPTY_BODY = YES;
				CLANG_WARN_ENUM_CONVERSION = YES;
				CLANG_WARN_INFINITE_RECURSION = YES;
				CLANG_WARN_INT_CONVERSION = YES;
				CLANG_WARN_NON_LITERAL_NULL_CONVERSION = YES;
				CLANG_WARN_OBJC_IMPLICIT_RETAIN_SELF = YES;
				CLANG_WARN_OBJC_LITERAL_CONVERSION = YES;
				CLANG_WARN_OBJC_ROOT_CLASS = YES_ERROR;
				CLANG_WARN_RANGE_LOOP_ANALYSIS = YES;
				CLANG_WARN_STRICT_PROTOTYPES = YES;
				CLANG_WARN_SUSPICIOUS_MOVE = YES;
				CLANG_WARN_UNGUARDED_AVAILABILITY = YES_AGGRESSIVE;
				CLANG_WARN_UNREACHABLE_CODE = YES;
				CLANG_WARN__DUPLICATE_METHOD_MATCH = YES;
				COPY_PHASE_STRIP = NO;
				DEBUG_INFORMATION_FORMAT = dwarf;
				ENABLE_STRICT_OBJC_MSGSEND = YES;
				ENABLE_TESTABILITY = YES;
				GCC_C_LANGUAGE_STANDARD = gnu11;
				GCC_DYNAMIC_NO_PIC = NO;
				GCC_NO_COMMON_BLOCKS = YES;
				GCC_OPTIMIZATION_LEVEL = 0;
				GCC_PREPROCESSOR_DEFINITIONS = (
					"DEBUG=1",
					"$(inherited)",
				);
				GCC_WARN_64_TO_32_BIT_CONVERSION = YES;
				GCC_WARN_ABOUT_RETURN_TYPE = YES_ERROR;
				GCC_WARN_UNDECLARED_SELECTOR = YES;
				GCC_WARN_UNINITIALIZED_AUTOS = YES_AGGRESSIVE;
				GCC_WARN_UNUSED_FUNCTION = YES;
				GCC_WARN_UNUSED_VARIABLE = YES;
				IPHONEOS_DEPLOYMENT_TARGET = 13.1;
				MTL_ENABLE_DEBUG_INFO = INCLUDE_SOURCE;
				MTL_FAST_MATH = YES;
				ONLY_ACTIVE_ARCH = YES;
				SDKROOT = iphoneos;
				SWIFT_ACTIVE_COMPILATION_CONDITIONS = DEBUG;
				SWIFT_OPTIMIZATION_LEVEL = "-Onone";
			};
			name = Debug;
		};
		F612F1742375DA98009BA2EC /* Release */ = {
			isa = XCBuildConfiguration;
			buildSettings = {
				ALWAYS_SEARCH_USER_PATHS = NO;
				CLANG_ANALYZER_NONNULL = YES;
				CLANG_ANALYZER_NUMBER_OBJECT_CONVERSION = YES_AGGRESSIVE;
				CLANG_CXX_LANGUAGE_STANDARD = "gnu++14";
				CLANG_CXX_LIBRARY = "libc++";
				CLANG_ENABLE_MODULES = YES;
				CLANG_ENABLE_OBJC_ARC = YES;
				CLANG_ENABLE_OBJC_WEAK = YES;
				CLANG_WARN_BLOCK_CAPTURE_AUTORELEASING = YES;
				CLANG_WARN_BOOL_CONVERSION = YES;
				CLANG_WARN_COMMA = YES;
				CLANG_WARN_CONSTANT_CONVERSION = YES;
				CLANG_WARN_DEPRECATED_OBJC_IMPLEMENTATIONS = YES;
				CLANG_WARN_DIRECT_OBJC_ISA_USAGE = YES_ERROR;
				CLANG_WARN_DOCUMENTATION_COMMENTS = YES;
				CLANG_WARN_EMPTY_BODY = YES;
				CLANG_WARN_ENUM_CONVERSION = YES;
				CLANG_WARN_INFINITE_RECURSION = YES;
				CLANG_WARN_INT_CONVERSION = YES;
				CLANG_WARN_NON_LITERAL_NULL_CONVERSION = YES;
				CLANG_WARN_OBJC_IMPLICIT_RETAIN_SELF = YES;
				CLANG_WARN_OBJC_LITERAL_CONVERSION = YES;
				CLANG_WARN_OBJC_ROOT_CLASS = YES_ERROR;
				CLANG_WARN_RANGE_LOOP_ANALYSIS = YES;
				CLANG_WARN_STRICT_PROTOTYPES = YES;
				CLANG_WARN_SUSPICIOUS_MOVE = YES;
				CLANG_WARN_UNGUARDED_AVAILABILITY = YES_AGGRESSIVE;
				CLANG_WARN_UNREACHABLE_CODE = YES;
				CLANG_WARN__DUPLICATE_METHOD_MATCH = YES;
				COPY_PHASE_STRIP = NO;
				DEBUG_INFORMATION_FORMAT = "dwarf-with-dsym";
				ENABLE_NS_ASSERTIONS = NO;
				ENABLE_STRICT_OBJC_MSGSEND = YES;
				GCC_C_LANGUAGE_STANDARD = gnu11;
				GCC_NO_COMMON_BLOCKS = YES;
				GCC_WARN_64_TO_32_BIT_CONVERSION = YES;
				GCC_WARN_ABOUT_RETURN_TYPE = YES_ERROR;
				GCC_WARN_UNDECLARED_SELECTOR = YES;
				GCC_WARN_UNINITIALIZED_AUTOS = YES_AGGRESSIVE;
				GCC_WARN_UNUSED_FUNCTION = YES;
				GCC_WARN_UNUSED_VARIABLE = YES;
				IPHONEOS_DEPLOYMENT_TARGET = 13.1;
				MTL_ENABLE_DEBUG_INFO = NO;
				MTL_FAST_MATH = YES;
				SDKROOT = iphoneos;
				SWIFT_COMPILATION_MODE = wholemodule;
				SWIFT_OPTIMIZATION_LEVEL = "-O";
				VALIDATE_PRODUCT = YES;
			};
			name = Release;
		};
		F612F1762375DA98009BA2EC /* Debug */ = {
			isa = XCBuildConfiguration;
			baseConfigurationReference = D4C101498D92F5FAD9775B1B /* Pods-ColorPicker_General.debug.xcconfig */;
			buildSettings = {
				ASSETCATALOG_COMPILER_APPICON_NAME = AppIcon;
				CODE_SIGN_STYLE = Automatic;
				CURRENT_PROJECT_VERSION = 2.0.0;
				DEVELOPMENT_ASSET_PATHS = "\"ColorPicker_General/Preview Content\"";
				DEVELOPMENT_TEAM = Q7TC672PPY;
				ENABLE_PREVIEWS = YES;
				INFOPLIST_FILE = ColorPicker_General/Info.plist;
				IPHONEOS_DEPLOYMENT_TARGET = 13.4;
				LD_RUNPATH_SEARCH_PATHS = (
					"$(inherited)",
					"@executable_path/Frameworks",
				);
				MARKETING_VERSION = 2.0.0;
				PRODUCT_BUNDLE_IDENTIFIER = "Max-Gillespie.ColorPicker";
				PRODUCT_NAME = "Paint Chips";
				SWIFT_VERSION = 5.0;
				TARGETED_DEVICE_FAMILY = 1;
			};
			name = Debug;
		};
		F612F1772375DA98009BA2EC /* Release */ = {
			isa = XCBuildConfiguration;
			baseConfigurationReference = 769B9E7F12308BA624BE5464 /* Pods-ColorPicker_General.release.xcconfig */;
			buildSettings = {
				ASSETCATALOG_COMPILER_APPICON_NAME = AppIcon;
				CODE_SIGN_STYLE = Automatic;
				CURRENT_PROJECT_VERSION = 2.0.0;
				DEVELOPMENT_ASSET_PATHS = "\"ColorPicker_General/Preview Content\"";
				DEVELOPMENT_TEAM = Q7TC672PPY;
				ENABLE_PREVIEWS = YES;
				INFOPLIST_FILE = ColorPicker_General/Info.plist;
				IPHONEOS_DEPLOYMENT_TARGET = 13.4;
				LD_RUNPATH_SEARCH_PATHS = (
					"$(inherited)",
					"@executable_path/Frameworks",
				);
				MARKETING_VERSION = 2.0.0;
				PRODUCT_BUNDLE_IDENTIFIER = "Max-Gillespie.ColorPicker";
				PRODUCT_NAME = "Paint Chips";
				SWIFT_VERSION = 5.0;
				TARGETED_DEVICE_FAMILY = 1;
			};
			name = Release;
		};
		F612F1792375DA98009BA2EC /* Debug */ = {
			isa = XCBuildConfiguration;
			baseConfigurationReference = 15ED388577F721F86DAB7FA6 /* Pods-ColorPicker_GeneralTests.debug.xcconfig */;
			buildSettings = {
				ALWAYS_EMBED_SWIFT_STANDARD_LIBRARIES = YES;
				BUNDLE_LOADER = "$(TEST_HOST)";
				CODE_SIGN_STYLE = Automatic;
				DEVELOPMENT_TEAM = Q7TC672PPY;
				INFOPLIST_FILE = ColorPicker_GeneralTests/Info.plist;
				IPHONEOS_DEPLOYMENT_TARGET = 13.1;
				LD_RUNPATH_SEARCH_PATHS = (
					"$(inherited)",
					"@executable_path/Frameworks",
					"@loader_path/Frameworks",
				);
				PRODUCT_BUNDLE_IDENTIFIER = "Max-Gillespie.ColorPicker-GeneralTests";
				PRODUCT_NAME = "$(TARGET_NAME)";
				SWIFT_VERSION = 5.0;
				TARGETED_DEVICE_FAMILY = "1,2";
				TEST_HOST = "$(BUILT_PRODUCTS_DIR)/ColorPicker_General.app/ColorPicker_General";
			};
			name = Debug;
		};
		F612F17A2375DA98009BA2EC /* Release */ = {
			isa = XCBuildConfiguration;
			baseConfigurationReference = 7D8056C7566C7EBB33FDBA70 /* Pods-ColorPicker_GeneralTests.release.xcconfig */;
			buildSettings = {
				ALWAYS_EMBED_SWIFT_STANDARD_LIBRARIES = YES;
				BUNDLE_LOADER = "$(TEST_HOST)";
				CODE_SIGN_STYLE = Automatic;
				DEVELOPMENT_TEAM = Q7TC672PPY;
				INFOPLIST_FILE = ColorPicker_GeneralTests/Info.plist;
				IPHONEOS_DEPLOYMENT_TARGET = 13.1;
				LD_RUNPATH_SEARCH_PATHS = (
					"$(inherited)",
					"@executable_path/Frameworks",
					"@loader_path/Frameworks",
				);
				PRODUCT_BUNDLE_IDENTIFIER = "Max-Gillespie.ColorPicker-GeneralTests";
				PRODUCT_NAME = "$(TARGET_NAME)";
				SWIFT_VERSION = 5.0;
				TARGETED_DEVICE_FAMILY = "1,2";
				TEST_HOST = "$(BUILT_PRODUCTS_DIR)/ColorPicker_General.app/ColorPicker_General";
			};
			name = Release;
		};
		F612F17C2375DA98009BA2EC /* Debug */ = {
			isa = XCBuildConfiguration;
			baseConfigurationReference = 125C731FD0DA6094F72C14D9 /* Pods-ColorPicker_General-ColorPicker_GeneralUITests.debug.xcconfig */;
			buildSettings = {
				ALWAYS_EMBED_SWIFT_STANDARD_LIBRARIES = YES;
				CODE_SIGN_STYLE = Automatic;
				DEVELOPMENT_TEAM = Q7TC672PPY;
				INFOPLIST_FILE = ColorPicker_GeneralUITests/Info.plist;
				LD_RUNPATH_SEARCH_PATHS = (
					"$(inherited)",
					"@executable_path/Frameworks",
					"@loader_path/Frameworks",
				);
				PRODUCT_BUNDLE_IDENTIFIER = "Max-Gillespie.ColorPicker-GeneralUITests";
				PRODUCT_NAME = "$(TARGET_NAME)";
				SWIFT_VERSION = 5.0;
				TARGETED_DEVICE_FAMILY = "1,2";
				TEST_TARGET_NAME = ColorPicker_General;
			};
			name = Debug;
		};
		F612F17D2375DA98009BA2EC /* Release */ = {
			isa = XCBuildConfiguration;
			baseConfigurationReference = C653B0BEE80EA192E36E4274 /* Pods-ColorPicker_General-ColorPicker_GeneralUITests.release.xcconfig */;
			buildSettings = {
				ALWAYS_EMBED_SWIFT_STANDARD_LIBRARIES = YES;
				CODE_SIGN_STYLE = Automatic;
				DEVELOPMENT_TEAM = Q7TC672PPY;
				INFOPLIST_FILE = ColorPicker_GeneralUITests/Info.plist;
				LD_RUNPATH_SEARCH_PATHS = (
					"$(inherited)",
					"@executable_path/Frameworks",
					"@loader_path/Frameworks",
				);
				PRODUCT_BUNDLE_IDENTIFIER = "Max-Gillespie.ColorPicker-GeneralUITests";
				PRODUCT_NAME = "$(TARGET_NAME)";
				SWIFT_VERSION = 5.0;
				TARGETED_DEVICE_FAMILY = "1,2";
				TEST_TARGET_NAME = ColorPicker_General;
			};
			name = Release;
		};
/* End XCBuildConfiguration section */

/* Begin XCConfigurationList section */
		F612F1432375DA96009BA2EC /* Build configuration list for PBXProject "ColorPicker_General" */ = {
			isa = XCConfigurationList;
			buildConfigurations = (
				F612F1732375DA98009BA2EC /* Debug */,
				F612F1742375DA98009BA2EC /* Release */,
			);
			defaultConfigurationIsVisible = 0;
			defaultConfigurationName = Release;
		};
		F612F1752375DA98009BA2EC /* Build configuration list for PBXNativeTarget "ColorPicker_General" */ = {
			isa = XCConfigurationList;
			buildConfigurations = (
				F612F1762375DA98009BA2EC /* Debug */,
				F612F1772375DA98009BA2EC /* Release */,
			);
			defaultConfigurationIsVisible = 0;
			defaultConfigurationName = Release;
		};
		F612F1782375DA98009BA2EC /* Build configuration list for PBXNativeTarget "ColorPicker_GeneralTests" */ = {
			isa = XCConfigurationList;
			buildConfigurations = (
				F612F1792375DA98009BA2EC /* Debug */,
				F612F17A2375DA98009BA2EC /* Release */,
			);
			defaultConfigurationIsVisible = 0;
			defaultConfigurationName = Release;
		};
		F612F17B2375DA98009BA2EC /* Build configuration list for PBXNativeTarget "ColorPicker_GeneralUITests" */ = {
			isa = XCConfigurationList;
			buildConfigurations = (
				F612F17C2375DA98009BA2EC /* Debug */,
				F612F17D2375DA98009BA2EC /* Release */,
			);
			defaultConfigurationIsVisible = 0;
			defaultConfigurationName = Release;
		};
/* End XCConfigurationList section */

/* Begin XCVersionGroup section */
		F612F14F2375DA96009BA2EC /* ColorPicker_General.xcdatamodeld */ = {
			isa = XCVersionGroup;
			children = (
				F612F1502375DA96009BA2EC /* ColorPicker_General.xcdatamodel */,
			);
			currentVersion = F612F1502375DA96009BA2EC /* ColorPicker_General.xcdatamodel */;
			path = ColorPicker_General.xcdatamodeld;
			sourceTree = "<group>";
			versionGroupType = wrapper.xcdatamodel;
		};
/* End XCVersionGroup section */
	};
	rootObject = F612F1402375DA96009BA2EC /* Project object */;
}
